// !$*UTF8*$!
{
	archiveVersion = 1;
	classes = {
	};
	objectVersion = 46;
	objects = {

/* Begin PBXBuildFile section */
		96E7912E1ADE8E4C00061333 /* main.cpp in Sources */ = {isa = PBXBuildFile; fileRef = 96E7912D1ADE8E4C00061333 /* main.cpp */; };
/* End PBXBuildFile section */

/* Begin PBXCopyFilesBuildPhase section */
		96E791281ADE8E4C00061333 /* CopyFiles */ = {
			isa = PBXCopyFilesBuildPhase;
			buildActionMask = 2147483647;
			dstPath = /usr/share/man/man1/;
			dstSubfolderSpec = 0;
			files = (
			);
			runOnlyForDeploymentPostprocessing = 1;
		};
/* End PBXCopyFilesBuildPhase section */

/* Begin PBXFileReference section */
		96E7912A1ADE8E4C00061333 /* 7_complexNumberByStruct */ = {isa = PBXFileReference; explicitFileType = "compiled.mach-o.executable"; includeInIndex = 0; path = 7_complexNumberByStruct; sourceTree = BUILT_PRODUCTS_DIR; };
		96E7912D1ADE8E4C00061333 /* main.cpp */ = {isa = PBXFileReference; lastKnownFileType = sourcecode.cpp.cpp; path = main.cpp; sourceTree = "<group>"; };
/* End PBXFileReference section */

/* Begin PBXFrameworksBuildPhase section */
		96E791271ADE8E4C00061333 /* Frameworks */ = {
			isa = PBXFrameworksBuildPhase;
			buildActionMask = 2147483647;
			files = (
			);
			runOnlyForDeploymentPostprocessing = 0;
		};
/* End PBXFrameworksBuildPhase section */

/* Begin PBXGroup section */
		96E791211ADE8E4C00061333 = {
			isa = PBXGroup;
			children = (
				96E7912C1ADE8E4C00061333 /* 7_complexNumberByStruct */,
				96E7912B1ADE8E4C00061333 /* Products */,
			);
			sourceTree = "<group>";
		};
		96E7912B1ADE8E4C00061333 /* Products */ = {
			isa = PBXGroup;
			children = (
				96E7912A1ADE8E4C00061333 /* 7_complexNumberByStruct */,
			);
			name = Products;
			sourceTree = "<group>";
		};
		96E7912C1ADE8E4C00061333 /* 7_complexNumberByStruct */ = {
			isa = PBXGroup;
			children = (
				96E7912D1ADE8E4C00061333 /* main.cpp */,
			);
			path = 7_complexNumberByStruct;
			sourceTree = "<group>";
		};
/* End PBXGroup section */

/* Begin PBXNativeTarget section */
		96E791291ADE8E4C00061333 /* 7_complexNumberByStruct */ = {
			isa = PBXNativeTarget;
			buildConfigurationList = 96E791311ADE8E4C00061333 /* Build configuration list for PBXNativeTarget "7_complexNumberByStruct" */;
			buildPhases = (
				96E791261ADE8E4C00061333 /* Sources */,
				96E791271ADE8E4C00061333 /* Frameworks */,
				96E791281ADE8E4C00061333 /* CopyFiles */,
			);
			buildRules = (
			);
			dependencies = (
			);
			name = 7_complexNumberByStruct;
			productName = 7_complexNumberByStruct;
			productReference = 96E7912A1ADE8E4C00061333 /* 7_complexNumberByStruct */;
			productType = "com.apple.product-type.tool";
		};
/* End PBXNativeTarget section */

/* Begin PBXProject section */
		96E791221ADE8E4C00061333 /* Project object */ = {
			isa = PBXProject;
			attributes = {
				LastUpgradeCheck = 0620;
				ORGANIZATIONNAME = Jason;
				TargetAttributes = {
					96E791291ADE8E4C00061333 = {
						CreatedOnToolsVersion = 6.2;
					};
				};
			};
			buildConfigurationList = 96E791251ADE8E4C00061333 /* Build configuration list for PBXProject "7_complexNumberByStruct" */;
			compatibilityVersion = "Xcode 3.2";
			developmentRegion = English;
			hasScannedForEncodings = 0;
			knownRegions = (
				en,
			);
			mainGroup = 96E791211ADE8E4C00061333;
			productRefGroup = 96E7912B1ADE8E4C00061333 /* Products */;
			projectDirPath = "";
			projectRoot = "";
			targets = (
				96E791291ADE8E4C00061333 /* 7_complexNumberByStruct */,
			);
		};
/* End PBXProject section */

/* Begin PBXSourcesBuildPhase section */
		96E791261ADE8E4C00061333 /* Sources */ = {
			isa = PBXSourcesBuildPhase;
			buildActionMask = 2147483647;
			files = (
				96E7912E1ADE8E4C00061333 /* main.cpp in Sources */,
			);
			runOnlyForDeploymentPostprocessing = 0;
		};
/* End PBXSourcesBuildPhase section */

/* Begin XCBuildConfiguration section */
		96E7912F1ADE8E4C00061333 /* Debug */ = {
			isa = XCBuildConfiguration;
			buildSettings = {
				ALWAYS_SEARCH_USER_PATHS = NO;
				CLANG_CXX_LANGUAGE_STANDARD = "gnu++0x";
				CLANG_CXX_LIBRARY = "libc++";
				CLANG_ENABLE_MODULES = YES;
				CLANG_ENABLE_OBJC_ARC = YES;
				CLANG_WARN_BOOL_CONVERSION = YES;
				CLANG_WARN_CONSTANT_CONVERSION = YES;
				CLANG_WARN_DIRECT_OBJC_ISA_USAGE = YES_ERROR;
				CLANG_WARN_EMPTY_BODY = YES;
				CLANG_WARN_ENUM_CONVERSION = YES;
				CLANG_WARN_INT_CONVERSION = YES;
				CLANG_WARN_OBJC_ROOT_CLASS = YES_ERROR;
				CLANG_WARN_UNREACHABLE_CODE = YES;
				CLANG_WARN__DUPLICATE_METHOD_MATCH = YES;
				COPY_PHASE_STRIP = NO;
				ENABLE_STRICT_OBJC_MSGSEND = YES;
				GCC_C_LANGUAGE_STANDARD = gnu99;
				GCC_DYNAMIC_NO_PIC = NO;
				GCC_OPTIMIZATION_LEVEL = 0;
				GCC_PREPROCESSOR_DEFINITIONS = (
					"DEBUG=1",
					"$(inherited)",
				);
				GCC_SYMBOLS_PRIVATE_EXTERN = NO;
				GCC_WARN_64_TO_32_BIT_CONVERSION = YES;
				GCC_WARN_ABOUT_RETURN_TYPE = YES_ERROR;
				GCC_WARN_UNDECLARED_SELECTOR = YES;
				GCC_WARN_UNINITIALIZED_AUTOS = YES_AGGRESSIVE;
				GCC_WARN_UNUSED_FUNCTION = YES;
				GCC_WARN_UNUSED_VARIABLE = YES;
				MACOSX_DEPLOYMENT_TARGET = 10.10;
				MTL_ENABLE_DEBUG_INFO = YES;
				ONLY_ACTIVE_ARCH = YES;
				SDKROOT = macosx;
			};
			name = Debug;
		};
		96E791301ADE8E4C00061333 /* Release */ = {
			isa = XCBuildConfiguration;
			buildSettings = {
				ALWAYS_SEARCH_USER_PATHS = NO;
				CLANG_CXX_LANGUAGE_STANDARD = "gnu++0x";
				CLANG_CXX_LIBRARY = "libc++";
				CLANG_ENABLE_MODULES = YES;
				CLANG_ENABLE_OBJC_ARC = YES;
				CLANG_WARN_BOOL_CONVERSION = YES;
				CLANG_WARN_CONSTANT_CONVERSION = YES;
				CLANG_WARN_DIRECT_OBJC_ISA_USAGE = YES_ERROR;
				CLANG_WARN_EMPTY_BODY = YES;
				CLANG_WARN_ENUM_CONVERSION = YES;
				CLANG_WARN_INT_CONVERSION = YES;
				CLANG_WARN_OBJC_ROOT_CLASS = YES_ERROR;
				CLANG_WARN_UNREACHABLE_CODE = YES;
				CLANG_WARN__DUPLICATE_METHOD_MATCH = YES;
				COPY_PHASE_STRIP = NO;
				DEBUG_INFORMATION_FORMAT = "dwarf-with-dsym";
				ENABLE_NS_ASSERTIONS = NO;
				ENABLE_STRICT_OBJC_MSGSEND = YES;
				GCC_C_LANGUAGE_STANDARD = gnu99;
				GCC_WARN_64_TO_32_BIT_CONVERSION = YES;
				GCC_WARN_ABOUT_RETURN_TYPE = YES_ERROR;
				GCC_WARN_UNDECLARED_SELECTOR = YES;
				GCC_WARN_UNINITIALIZED_AUTOS = YES_AGGRESSIVE;
				GCC_WARN_UNUSED_FUNCTION = YES;
				GCC_WARN_UNUSED_VARIABLE = YES;
				MACOSX_DEPLOYMENT_TARGET = 10.10;
				MTL_ENABLE_DEBUG_INFO = NO;
				SDKROOT = macosx;
			};
			name = Release;
		};
		96E791321ADE8E4C00061333 /* Debug */ = {
			isa = XCBuildConfiguration;
			buildSettings = {
				PRODUCT_NAME = "$(TARGET_NAME)";
			};
			name = Debug;
		};
		96E791331ADE8E4C00061333 /* Release */ = {
			isa = XCBuildConfiguration;
			buildSettings = {
				PRODUCT_NAME = "$(TARGET_NAME)";
			};
			name = Release;
		};
/* End XCBuildConfiguration section */

/* Begin XCConfigurationList section */
		96E791251ADE8E4C00061333 /* Build configuration list for PBXProject "7_complexNumberByStruct" */ = {
			isa = XCConfigurationList;
			buildConfigurations = (
				96E7912F1ADE8E4C00061333 /* Debug */,
				96E791301ADE8E4C00061333 /* Release */,
			);
			defaultConfigurationIsVisible = 0;
			defaultConfigurationName = Release;
		};
		96E791311ADE8E4C00061333 /* Build configuration list for PBXNativeTarget "7_complexNumberByStruct" */ = {
			isa = XCConfigurationList;
			buildConfigurations = (
				96E791321ADE8E4C00061333 /* Debug */,
				96E791331ADE8E4C00061333 /* Release */,
			);
			defaultConfigurationIsVisible = 0;
		};
/* End XCConfigurationList section */
	};
	rootObject = 96E791221ADE8E4C00061333 /* Project object */;
}
